<?xml version="1.0" encoding="UTF-8"?>
<CONFIG>
  <ProjectOptions>
    <Version Value="11"/>
    <General>
      <Flags>
        <MainUnitHasCreateFormStatements Value="False"/>
        <MainUnitHasTitleStatement Value="False"/>
        <MainUnitHasScaledStatement Value="False"/>
      </Flags>
      <SessionStorage Value="InProjectDir"/>
      <MainUnit Value="0"/>
      <Title Value="Cmulator"/>
      <ResourceType Value="res"/>
    </General>
    <MacroValues Count="1">
      <Macro1 Name="LCLWidgetType" Value="nogui"/>
    </MacroValues>
    <BuildModes Count="6">
      <Item1 Name="Debug_linux" Default="True"/>
      <Item2 Name="Release_linux">
        <MacroValues Count="1">
          <Macro1 Name="LCLWidgetType" Value="nogui"/>
        </MacroValues>
        <CompilerOptions>
          <Version Value="11"/>
          <Target>
            <Filename Value="Build/linux/Cmulator"/>
          </Target>
          <SearchPaths>
            <IncludeFiles Value="$(ProjOutDir)"/>
            <OtherUnitFiles Value="Core;Core/JS;Core/PE;Core/pesp;Core/Crypto;Core/unicorn;Core/Capstone;Core/generics_collections/src;Core/process;Core/GUI;Core/JSON"/>
            <UnitOutputDirectory Value="lib/$(TargetCPU)-$(TargetOS)"/>
          </SearchPaths>
          <Parsing>
            <SyntaxOptions>
              <SyntaxMode Value="Delphi"/>
              <CStyleMacros Value="True"/>
            </SyntaxOptions>
          </Parsing>
          <CodeGeneration>
            <SmartLinkUnit Value="True"/>
            <Optimizations>
              <OptimizationLevel Value="3"/>
            </Optimizations>
          </CodeGeneration>
          <Linking>
            <Debugging>
              <GenerateDebugInfo Value="False"/>
            </Debugging>
            <LinkSmart Value="True"/>
          </Linking>
        </CompilerOptions>
      </Item2>
      <Item3 Name="OSX_Release">
        <MacroValues Count="1">
          <Macro1 Name="LCLWidgetType" Value="nogui"/>
        </MacroValues>
        <CompilerOptions>
          <Version Value="11"/>
          <Target>
            <Filename Value="Build/OSX/Cmulator"/>
          </Target>
          <SearchPaths>
            <IncludeFiles Value="$(ProjOutDir)"/>
            <OtherUnitFiles Value="Core;Core/JS;Core/PE;Core/pesp;Core/Crypto;Core/unicorn;Core/Capstone;Core/generics_collections/src;Core/process;Core/GUI;Core/JSON"/>
            <UnitOutputDirectory Value="lib/$(TargetCPU)-$(TargetOS)"/>
          </SearchPaths>
          <Parsing>
            <Style Value="1"/>
            <SyntaxOptions>
              <SyntaxMode Value="Delphi"/>
              <CStyleMacros Value="True"/>
            </SyntaxOptions>
          </Parsing>
          <CodeGeneration>
            <SmartLinkUnit Value="True"/>
            <Optimizations>
              <OptimizationLevel Value="3"/>
            </Optimizations>
          </CodeGeneration>
          <Linking>
            <Debugging>
              <GenerateDebugInfo Value="False"/>
            </Debugging>
            <LinkSmart Value="True"/>
          </Linking>
        </CompilerOptions>
      </Item3>
      <Item4 Name="OSX_Debug">
        <MacroValues Count="1">
          <Macro1 Name="LCLWidgetType" Value="nogui"/>
        </MacroValues>
        <CompilerOptions>
          <Version Value="11"/>
          <Target>
            <Filename Value="Build/OSX/Cmulator"/>
          </Target>
          <SearchPaths>
            <IncludeFiles Value="$(ProjOutDir)"/>
            <OtherUnitFiles Value="Core;Core/JS;Core/PE;Core/pesp;Core/Crypto;Core/unicorn;Core/Zydis;Core/generics_collections/src;Core/process;Core/GUI;Core/JSON"/>
            <UnitOutputDirectory Value="lib/$(TargetCPU)-$(TargetOS)"/>
          </SearchPaths>
          <Parsing>
            <SyntaxOptions>
              <SyntaxMode Value="Delphi"/>
              <CStyleMacros Value="True"/>
            </SyntaxOptions>
          </Parsing>
          <CodeGeneration>
            <SmartLinkUnit Value="True"/>
          </CodeGeneration>
          <Linking>
            <Debugging>
              <DebugInfoType Value="dsDwarf3"/>
              <UseHeaptrc Value="True"/>
              <TrashVariables Value="True"/>
              <UseExternalDbgSyms Value="True"/>
            </Debugging>
            <LinkSmart Value="True"/>
          </Linking>
        </CompilerOptions>
      </Item4>
      <Item5 Name="Debug_windows">
        <CompilerOptions>
          <Version Value="11"/>
          <Target>
            <Filename Value="Build/win/32/Cmulator"/>
          </Target>
          <SearchPaths>
            <IncludeFiles Value="$(ProjOutDir)"/>
            <OtherUnitFiles Value="Core;Core/JS;Core/PE;Core/pesp;Core/Crypto;Core/unicorn;Core/Capstone;Core/generics_collections/src;Core/process;Core/GUI;Core/JSON"/>
            <UnitOutputDirectory Value="lib/$(TargetCPU)-$(TargetOS)"/>
          </SearchPaths>
          <Parsing>
            <SyntaxOptions>
              <SyntaxMode Value="Delphi"/>
              <IncludeAssertionCode Value="True"/>
              <CStyleMacros Value="True"/>
            </SyntaxOptions>
          </Parsing>
          <CodeGeneration>
            <Checks>
              <IOChecks Value="True"/>
              <RangeChecks Value="True"/>
              <OverflowChecks Value="True"/>
              <StackChecks Value="True"/>
            </Checks>
            <VerifyObjMethodCallValidity Value="True"/>
            <TargetCPU Value="x86_64"/>
          </CodeGeneration>
          <Linking>
            <Debugging>
              <DebugInfoType Value="dsDwarf2Set"/>
              <UseHeaptrc Value="True"/>
              <TrashVariables Value="True"/>
              <UseExternalDbgSyms Value="True"/>
            </Debugging>
          </Linking>
        </CompilerOptions>
      </Item5>
      <Item6 Name="Release_windows">
        <CompilerOptions>
          <Version Value="11"/>
          <Target>
            <Filename Value="Build/win/32/Cmulator"/>
          </Target>
          <SearchPaths>
            <IncludeFiles Value="$(ProjOutDir)"/>
            <OtherUnitFiles Value="Core;Core/JS;Core/PE;Core/pesp;Core/Crypto;Core/unicorn;Core/Capstone;Core/generics_collections/src;Core/process;Core/GUI;Core/JSON"/>
            <UnitOutputDirectory Value="lib/$(TargetCPU)-$(TargetOS)"/>
          </SearchPaths>
          <Parsing>
            <SyntaxOptions>
              <SyntaxMode Value="Delphi"/>
              <CStyleMacros Value="True"/>
            </SyntaxOptions>
          </Parsing>
          <CodeGeneration>
            <SmartLinkUnit Value="True"/>
            <TargetCPU Value="x86_64"/>
            <Optimizations>
              <OptimizationLevel Value="3"/>
            </Optimizations>
          </CodeGeneration>
          <Linking>
            <Debugging>
              <GenerateDebugInfo Value="False"/>
            </Debugging>
            <LinkSmart Value="True"/>
          </Linking>
        </CompilerOptions>
      </Item6>
      <SharedMatrixOptions Count="2">
        <Item1 ID="917770631570" Modes="Debug_linux,Release_linux,OSX_Release,OSX_Debug" Type="IDEMacro" MacroName="LCLWidgetType" Value="nogui"/>
        <Item2 ID="547003491806" Modes="OSX_Debug" Value="-Fl/Users/Coldzer0/cold/DISASM/Cmulator/Build/OSX"/>
      </SharedMatrixOptions>
    </BuildModes>
    <PublishOptions>
      <Version Value="2"/>
    </PublishOptions>
    <RunParams>
      <local>
        <CommandLineParams Value="-f ../../samples/obfuscated/obfuscated.exe -ex"/>
      </local>
      <FormatVersion Value="2"/>
      <Modes Count="1">
        <Mode0 Name="default">
          <local>
            <CommandLineParams Value="-f ../../samples/obfuscated/obfuscated.exe -ex"/>
          </local>
        </Mode0>
      </Modes>
    </RunParams>
    <RequiredPackages Count="1">
      <Item1>
        <PackageName Value="LazUtils"/>
      </Item1>
    </RequiredPackages>
    <Units Count="16">
      <Unit0>
        <Filename Value="Cmulator.pas"/>
        <IsPartOfProject Value="True"/>
      </Unit0>
      <Unit1>
        <Filename Value="Core/emu.pas"/>
        <IsPartOfProject Value="True"/>
        <UnitName Value="Emu"/>
      </Unit1>
      <Unit2>
        <Filename Value="Core/segments.pas"/>
        <IsPartOfProject Value="True"/>
        <UnitName Value="Segments"/>
      </Unit2>
      <Unit3>
        <Filename Value="Core/utils.pas"/>
        <IsPartOfProject Value="True"/>
        <UnitName Value="Utils"/>
      </Unit3>
      <Unit4>
        <Filename Value="Core/struct.inc"/>
        <IsPartOfProject Value="True"/>
      </Unit4>
      <Unit5>
        <Filename Value="Core/struct.pas"/>
        <IsPartOfProject Value="True"/>
      </Unit5>
      <Unit6>
        <Filename Value="Core/pe_loader.pas"/>
        <IsPartOfProject Value="True"/>
        <UnitName Value="PE_Loader"/>
      </Unit6>
      <Unit7>
        <Filename Value="Core/fnhook.pas"/>
        <IsPartOfProject Value="True"/>
        <UnitName Value="FnHook"/>
      </Unit7>
      <Unit8>
        <Filename Value="Core/globals.pas"/>
        <IsPartOfProject Value="True"/>
        <UnitName Value="Globals"/>
      </Unit8>
      <Unit9>
        <Filename Value="Core/jsplugins_bengine.pas"/>
        <IsPartOfProject Value="True"/>
        <UnitName Value="JSPlugins_BEngine"/>
      </Unit9>
      <Unit10>
        <Filename Value="Core/memmanager.pas"/>
        <IsPartOfProject Value="True"/>
        <UnitName Value="MemManager"/>
      </Unit10>
      <Unit11>
        <Filename Value="Core/tep_peb.pas"/>
        <IsPartOfProject Value="True"/>
        <UnitName Value="TEP_PEB"/>
      </Unit11>
      <Unit12>
        <Filename Value="Core/process/ethreads.pas"/>
        <IsPartOfProject Value="True"/>
        <UnitName Value="EThreads"/>
      </Unit12>
      <Unit13>
        <Filename Value="Core/GUI/gui.pas"/>
        <IsPartOfProject Value="True"/>
        <UnitName Value="GUI"/>
      </Unit13>
      <Unit14>
        <Filename Value="Core/interactive.pas"/>
        <IsPartOfProject Value="True"/>
        <UnitName Value="Interactive"/>
      </Unit14>
      <Unit15>
        <Filename Value="Core/nativehooks.pas"/>
        <IsPartOfProject Value="True"/>
        <UnitName Value="NativeHooks"/>
      </Unit15>
    </Units>
  </ProjectOptions>
  <CompilerOptions>
    <Version Value="11"/>
    <Target>
      <Filename Value="Build/linux/Cmulator"/>
    </Target>
    <SearchPaths>
      <IncludeFiles Value="$(ProjOutDir)"/>
      <OtherUnitFiles Value="Core;Core/JS;Core/PE;Core/pesp;Core/Crypto;Core/unicorn;Core/Capstone;Core/generics_collections/src;Core/process;Core/GUI;Core/JSON"/>
      <UnitOutputDirectory Value="lib/$(TargetCPU)-$(TargetOS)"/>
    </SearchPaths>
    <Parsing>
      <SyntaxOptions>
        <SyntaxMode Value="Delphi"/>
        <CStyleMacros Value="True"/>
      </SyntaxOptions>
    </Parsing>
    <CodeGeneration>
      <SmartLinkUnit Value="True"/>
      <TargetCPU Value="x86_64"/>
    </CodeGeneration>
    <Linking>
      <Debugging>
        <UseHeaptrc Value="True"/>
        <TrashVariables Value="True"/>
        <UseExternalDbgSyms Value="True"/>
      </Debugging>
      <LinkSmart Value="True"/>
    </Linking>
  </CompilerOptions>
  <Debugging>
    <Exceptions Count="3">
      <Item1>
        <Name Value="EAbort"/>
      </Item1>
      <Item2>
        <Name Value="ECodetoolError"/>
      </Item2>
      <Item3>
        <Name Value="EFOpenError"/>
      </Item3>
    </Exceptions>
  </Debugging>
</CONFIG>
